
Microsoft Visual Studio Solution File, Format Version 12.00
# Visual Studio Version 17
VisualStudioVersion = 17.0.32014.148
MinimumVisualStudioVersion = 10.0.40219.1
Project("{9A19103F-16F7-4668-BE54-9A1E7A4F7556}") = "LMRestApi2023", "LMRestApi2023\LMRestApi2023.csproj", "{EB2046D8-DB45-42DF-9DDA-B6686F8B9FC8}"
EndProject
Global
	GlobalSection(SolutionConfigurationPlatforms) = preSolution
		Debug|Any CPU = Debug|Any CPU
		Release|Any CPU = Release|Any CPU
	EndGlobalSection
	GlobalSection(ProjectConfigurationPlatforms) = postSolution
		{EB2046D8-DB45-42DF-9DDA-B6686F8B9FC8}.Debug|Any CPU.ActiveCfg = Debug|Any CPU
		{EB2046D8-DB45-42DF-9DDA-B6686F8B9FC8}.Debug|Any CPU.Build.0 = Debug|Any CPU
		{EB2046D8-DB45-42DF-9DDA-B6686F8B9FC8}.Release|Any CPU.ActiveCfg = Release|Any CPU
		{EB2046D8-DB45-42DF-9DDA-B6686F8B9FC8}.Release|Any CPU.Build.0 = Release|Any CPU
	EndGlobalSection
	GlobalSection(SolutionProperties) = preSolution
		HideSolutionNode = FALSE
	EndGlobalSection
	GlobalSection(ExtensibilityGlobals) = postSolution
		SolutionGuid = {A9D5D4CF-6DF1-4E29-9D10-DB525D848329}
	EndGlobalSection
EndGlobal
